
Microsoft Visual Studio Solution File, Format Version 12.00
# Visual Studio Version 17
VisualStudioVersion = 17.6.33723.286
MinimumVisualStudioVersion = 10.0.40219.1
Project("{FAE04EC0-301F-11D3-BF4B-00C04F79EFBC}") = "StreamWriter", "StreamWriter\StreamWriter.csproj", "{39A1AA08-9270-4CC5-BCC9-B538DF358AFA}"
EndProject
Global
	GlobalSection(SolutionConfigurationPlatforms) = preSolution
		Debug|Any CPU = Debug|Any CPU
		Release|Any CPU = Release|Any CPU
	EndGlobalSection
	GlobalSection(ProjectConfigurationPlatforms) = postSolution
		{39A1AA08-9270-4CC5-BCC9-B538DF358AFA}.Debug|Any CPU.ActiveCfg = Debug|Any CPU
		{39A1AA08-9270-4CC5-BCC9-B538DF358AFA}.Debug|Any CPU.Build.0 = Debug|Any CPU
		{39A1AA08-9270-4CC5-BCC9-B538DF358AFA}.Release|Any CPU.ActiveCfg = Release|Any CPU
		{39A1AA08-9270-4CC5-BCC9-B538DF358AFA}.Release|Any CPU.Build.0 = Release|Any CPU
	EndGlobalSection
	GlobalSection(SolutionProperties) = preSolution
		HideSolutionNode = FALSE
	EndGlobalSection
	GlobalSection(ExtensibilityGlobals) = postSolution
		SolutionGuid = {C8A6D113-1051-4D7B-BC3D-5B14A9D65FA4}
	EndGlobalSection
EndGlobal
